
Microsoft Visual Studio Solution File, Format Version 12.00
# Visual Studio Version 17
VisualStudioVersion = 17.8.34322.80
MinimumVisualStudioVersion = 10.0.40219.1
Project("{FAE04EC0-301F-11D3-BF4B-00C04F79EFBC}") = "Timebox", "Timebox\Timebox.csproj", "{1A39D9E5-CF49-44E7-9D50-2BA52CEDD449}"
EndProject
Global
	GlobalSection(SolutionConfigurationPlatforms) = preSolution
		Debug|Any CPU = Debug|Any CPU
		Release|Any CPU = Release|Any CPU
	EndGlobalSection
	GlobalSection(ProjectConfigurationPlatforms) = postSolution
		{1A39D9E5-CF49-44E7-9D50-2BA52CEDD449}.Debug|Any CPU.ActiveCfg = Debug|Any CPU
		{1A39D9E5-CF49-44E7-9D50-2BA52CEDD449}.Debug|Any CPU.Build.0 = Debug|Any CPU
		{1A39D9E5-CF49-44E7-9D50-2BA52CEDD449}.Release|Any CPU.ActiveCfg = Release|Any CPU
		{1A39D9E5-CF49-44E7-9D50-2BA52CEDD449}.Release|Any CPU.Build.0 = Release|Any CPU
	EndGlobalSection
	GlobalSection(SolutionProperties) = preSolution
		HideSolutionNode = FALSE
	EndGlobalSection
	GlobalSection(ExtensibilityGlobals) = postSolution
		SolutionGuid = {58C8420D-F6FE-4CAA-A805-A676747E930A}
	EndGlobalSection
EndGlobal
